
Microsoft Visual Studio Solution File, Format Version 12.00
# Visual Studio Version 17
VisualStudioVersion = 17.14.36518.9 d17.14
MinimumVisualStudioVersion = 10.0.40219.1
Project("{FAE04EC0-301F-11D3-BF4B-00C04F79EFBC}") = "GameCommerce.Api", "GameCommerce.Api\GameCommerce.Api.csproj", "{C4B3D1ED-A3DC-42D1-AE1F-5995424AA477}"
EndProject
Global
	GlobalSection(SolutionConfigurationPlatforms) = preSolution
		Debug|Any CPU = Debug|Any CPU
		Release|Any CPU = Release|Any CPU
	EndGlobalSection
	GlobalSection(ProjectConfigurationPlatforms) = postSolution
		{C4B3D1ED-A3DC-42D1-AE1F-5995424AA477}.Debug|Any CPU.ActiveCfg = Debug|Any CPU
		{C4B3D1ED-A3DC-42D1-AE1F-5995424AA477}.Debug|Any CPU.Build.0 = Debug|Any CPU
		{C4B3D1ED-A3DC-42D1-AE1F-5995424AA477}.Release|Any CPU.ActiveCfg = Release|Any CPU
		{C4B3D1ED-A3DC-42D1-AE1F-5995424AA477}.Release|Any CPU.Build.0 = Release|Any CPU
	EndGlobalSection
	GlobalSection(SolutionProperties) = preSolution
		HideSolutionNode = FALSE
	EndGlobalSection
	GlobalSection(ExtensibilityGlobals) = postSolution
		SolutionGuid = {52A4BED1-6746-4672-8601-D9DAA6675002}
	EndGlobalSection
EndGlobal
